// !$*UTF8*$!
{
	archiveVersion = 1;
	classes = {
	};
	objectVersion = 46;
	objects = {

/* Begin PBXBuildFile section */
		8A27F6B61C570EE0002E5876 /* main.m in Sources */ = {isa = PBXBuildFile; fileRef = 8A27F6B51C570EE0002E5876 /* main.m */; };
		8A27F6B91C570EE0002E5876 /* AppDelegate.m in Sources */ = {isa = PBXBuildFile; fileRef = 8A27F6B81C570EE0002E5876 /* AppDelegate.m */; };
		8A27F6C11C570EE0002E5876 /* Assets.xcassets in Resources */ = {isa = PBXBuildFile; fileRef = 8A27F6C01C570EE0002E5876 /* Assets.xcassets */; };
		8A27F6CD1C570FD5002E5876 /* MainController.m in Sources */ = {isa = PBXBuildFile; fileRef = 8A27F6CC1C570FD5002E5876 /* MainController.m */; };
		8A27F6D01C5719A6002E5876 /* SelectionView.m in Sources */ = {isa = PBXBuildFile; fileRef = 8A27F6CF1C5719A6002E5876 /* SelectionView.m */; };
		8A27F6D61C57261D002E5876 /* FoodCell.m in Sources */ = {isa = PBXBuildFile; fileRef = 8A27F6D51C57261D002E5876 /* FoodCell.m */; };
		8A27F6DC1C5747C4002E5876 /* CartView.m in Sources */ = {isa = PBXBuildFile; fileRef = 8A27F6DB1C5747C4002E5876 /* CartView.m */; };
		8A27F6DF1C575C82002E5876 /* IndexCell.m in Sources */ = {isa = PBXBuildFile; fileRef = 8A27F6DE1C575C81002E5876 /* IndexCell.m */; };
		8A8EE22B1C585DE000F55C53 /* CartListView.m in Sources */ = {isa = PBXBuildFile; fileRef = 8A8EE22A1C585DE000F55C53 /* CartListView.m */; };
		8A8EE22E1C58657500F55C53 /* CartListCell.m in Sources */ = {isa = PBXBuildFile; fileRef = 8A8EE22D1C58657500F55C53 /* CartListCell.m */; };
		8A8EE2311C58A63000F55C53 /* CheckOutController.m in Sources */ = {isa = PBXBuildFile; fileRef = 8A8EE2301C58A63000F55C53 /* CheckOutController.m */; };
		8AB9A9E51C58B63D00223985 /* CheckOutListCell.m in Sources */ = {isa = PBXBuildFile; fileRef = 8AB9A9E41C58B63D00223985 /* CheckOutListCell.m */; };
/* End PBXBuildFile section */

/* Begin PBXFileReference section */
		8A27F6B11C570EE0002E5876 /* eleme.app */ = {isa = PBXFileReference; explicitFileType = wrapper.application; includeInIndex = 0; path = eleme.app; sourceTree = BUILT_PRODUCTS_DIR; };
		8A27F6B51C570EE0002E5876 /* main.m */ = {isa = PBXFileReference; lastKnownFileType = sourcecode.c.objc; path = main.m; sourceTree = "<group>"; };
		8A27F6B71C570EE0002E5876 /* AppDelegate.h */ = {isa = PBXFileReference; lastKnownFileType = sourcecode.c.h; path = AppDelegate.h; sourceTree = "<group>"; };
		8A27F6B81C570EE0002E5876 /* AppDelegate.m */ = {isa = PBXFileReference; lastKnownFileType = sourcecode.c.objc; path = AppDelegate.m; sourceTree = "<group>"; };
		8A27F6C01C570EE0002E5876 /* Assets.xcassets */ = {isa = PBXFileReference; lastKnownFileType = folder.assetcatalog; path = Assets.xcassets; sourceTree = "<group>"; };
		8A27F6C51C570EE0002E5876 /* Info.plist */ = {isa = PBXFileReference; lastKnownFileType = text.plist.xml; path = Info.plist; sourceTree = "<group>"; };
		8A27F6CB1C570FD5002E5876 /* MainController.h */ = {isa = PBXFileReference; fileEncoding = 4; lastKnownFileType = sourcecode.c.h; path = MainController.h; sourceTree = "<group>"; };
		8A27F6CC1C570FD5002E5876 /* MainController.m */ = {isa = PBXFileReference; fileEncoding = 4; lastKnownFileType = sourcecode.c.objc; path = MainController.m; sourceTree = "<group>"; };
		8A27F6CE1C5719A6002E5876 /* SelectionView.h */ = {isa = PBXFileReference; fileEncoding = 4; lastKnownFileType = sourcecode.c.h; path = SelectionView.h; sourceTree = "<group>"; };
		8A27F6CF1C5719A6002E5876 /* SelectionView.m */ = {isa = PBXFileReference; fileEncoding = 4; lastKnownFileType = sourcecode.c.objc; path = SelectionView.m; sourceTree = "<group>"; };
		8A27F6D41C57261D002E5876 /* FoodCell.h */ = {isa = PBXFileReference; fileEncoding = 4; lastKnownFileType = sourcecode.c.h; path = FoodCell.h; sourceTree = "<group>"; };
		8A27F6D51C57261D002E5876 /* FoodCell.m */ = {isa = PBXFileReference; fileEncoding = 4; lastKnownFileType = sourcecode.c.objc; path = FoodCell.m; sourceTree = "<group>"; };
		8A27F6DA1C5747C4002E5876 /* CartView.h */ = {isa = PBXFileReference; fileEncoding = 4; lastKnownFileType = sourcecode.c.h; path = CartView.h; sourceTree = "<group>"; };
		8A27F6DB1C5747C4002E5876 /* CartView.m */ = {isa = PBXFileReference; fileEncoding = 4; lastKnownFileType = sourcecode.c.objc; path = CartView.m; sourceTree = "<group>"; };
		8A27F6DD1C575C81002E5876 /* IndexCell.h */ = {isa = PBXFileReference; fileEncoding = 4; lastKnownFileType = sourcecode.c.h; path = IndexCell.h; sourceTree = "<group>"; };
		8A27F6DE1C575C81002E5876 /* IndexCell.m */ = {isa = PBXFileReference; fileEncoding = 4; lastKnownFileType = sourcecode.c.objc; path = IndexCell.m; sourceTree = "<group>"; };
		8A8EE2291C585DE000F55C53 /* CartListView.h */ = {isa = PBXFileReference; fileEncoding = 4; lastKnownFileType = sourcecode.c.h; path = CartListView.h; sourceTree = "<group>"; };
		8A8EE22A1C585DE000F55C53 /* CartListView.m */ = {isa = PBXFileReference; fileEncoding = 4; lastKnownFileType = sourcecode.c.objc; path = CartListView.m; sourceTree = "<group>"; };
		8A8EE22C1C58657500F55C53 /* CartListCell.h */ = {isa = PBXFileReference; fileEncoding = 4; lastKnownFileType = sourcecode.c.h; path = CartListCell.h; sourceTree = "<group>"; };
		8A8EE22D1C58657500F55C53 /* CartListCell.m */ = {isa = PBXFileReference; fileEncoding = 4; lastKnownFileType = sourcecode.c.objc; path = CartListCell.m; sourceTree = "<group>"; };
		8A8EE22F1C58A63000F55C53 /* CheckOutController.h */ = {isa = PBXFileReference; fileEncoding = 4; lastKnownFileType = sourcecode.c.h; path = CheckOutController.h; sourceTree = "<group>"; };
		8A8EE2301C58A63000F55C53 /* CheckOutController.m */ = {isa = PBXFileReference; fileEncoding = 4; lastKnownFileType = sourcecode.c.objc; path = CheckOutController.m; sourceTree = "<group>"; };
		8AB9A9E31C58B63D00223985 /* CheckOutListCell.h */ = {isa = PBXFileReference; fileEncoding = 4; lastKnownFileType = sourcecode.c.h; path = CheckOutListCell.h; sourceTree = "<group>"; };
		8AB9A9E41C58B63D00223985 /* CheckOutListCell.m */ = {isa = PBXFileReference; fileEncoding = 4; lastKnownFileType = sourcecode.c.objc; path = CheckOutListCell.m; sourceTree = "<group>"; };
/* End PBXFileReference section */

/* Begin PBXFrameworksBuildPhase section */
		8A27F6AE1C570EE0002E5876 /* Frameworks */ = {
			isa = PBXFrameworksBuildPhase;
			buildActionMask = 2147483647;
			files = (
			);
			runOnlyForDeploymentPostprocessing = 0;
		};
/* End PBXFrameworksBuildPhase section */

/* Begin PBXGroup section */
		8A27F6A81C570EE0002E5876 = {
			isa = PBXGroup;
			children = (
				8A27F6B31C570EE0002E5876 /* eleme */,
				8A27F6B21C570EE0002E5876 /* Products */,
			);
			sourceTree = "<group>";
		};
		8A27F6B21C570EE0002E5876 /* Products */ = {
			isa = PBXGroup;
			children = (
				8A27F6B11C570EE0002E5876 /* eleme.app */,
			);
			name = Products;
			sourceTree = "<group>";
		};
		8A27F6B31C570EE0002E5876 /* eleme */ = {
			isa = PBXGroup;
			children = (
				8A27F6B71C570EE0002E5876 /* AppDelegate.h */,
				8A27F6B81C570EE0002E5876 /* AppDelegate.m */,
				8A27F6D91C57263A002E5876 /* Model */,
				8A27F6D81C572634002E5876 /* View */,
				8A27F6D71C572626002E5876 /* Controller */,
				8A27F6B41C570EE0002E5876 /* Supporting Files */,
			);
			path = eleme;
			sourceTree = "<group>";
		};
		8A27F6B41C570EE0002E5876 /* Supporting Files */ = {
			isa = PBXGroup;
			children = (
				8A27F6C01C570EE0002E5876 /* Assets.xcassets */,
				8A27F6C51C570EE0002E5876 /* Info.plist */,
				8A27F6B51C570EE0002E5876 /* main.m */,
			);
			name = "Supporting Files";
			sourceTree = "<group>";
		};
		8A27F6D71C572626002E5876 /* Controller */ = {
			isa = PBXGroup;
			children = (
				8A27F6CB1C570FD5002E5876 /* MainController.h */,
				8A27F6CC1C570FD5002E5876 /* MainController.m */,
				8A8EE22F1C58A63000F55C53 /* CheckOutController.h */,
				8A8EE2301C58A63000F55C53 /* CheckOutController.m */,
			);
			name = Controller;
			sourceTree = "<group>";
		};
		8A27F6D81C572634002E5876 /* View */ = {
			isa = PBXGroup;
			children = (
				8A27F6CE1C5719A6002E5876 /* SelectionView.h */,
				8A27F6CF1C5719A6002E5876 /* SelectionView.m */,
				8A27F6D41C57261D002E5876 /* FoodCell.h */,
				8A27F6D51C57261D002E5876 /* FoodCell.m */,
				8A27F6DA1C5747C4002E5876 /* CartView.h */,
				8A27F6DB1C5747C4002E5876 /* CartView.m */,
				8A27F6DD1C575C81002E5876 /* IndexCell.h */,
				8A27F6DE1C575C81002E5876 /* IndexCell.m */,
				8A8EE2291C585DE000F55C53 /* CartListView.h */,
				8A8EE22A1C585DE000F55C53 /* CartListView.m */,
				8A8EE22C1C58657500F55C53 /* CartListCell.h */,
				8A8EE22D1C58657500F55C53 /* CartListCell.m */,
				8AB9A9E31C58B63D00223985 /* CheckOutListCell.h */,
				8AB9A9E41C58B63D00223985 /* CheckOutListCell.m */,
			);
			name = View;
			sourceTree = "<group>";
		};
		8A27F6D91C57263A002E5876 /* Model */ = {
			isa = PBXGroup;
			children = (
			);
			name = Model;
			sourceTree = "<group>";
		};
/* End PBXGroup section */

/* Begin PBXNativeTarget section */
		8A27F6B01C570EE0002E5876 /* eleme */ = {
			isa = PBXNativeTarget;
			buildConfigurationList = 8A27F6C81C570EE0002E5876 /* Build configuration list for PBXNativeTarget "eleme" */;
			buildPhases = (
				8A27F6AD1C570EE0002E5876 /* Sources */,
				8A27F6AE1C570EE0002E5876 /* Frameworks */,
				8A27F6AF1C570EE0002E5876 /* Resources */,
			);
			buildRules = (
			);
			dependencies = (
			);
			name = eleme;
			productName = eleme;
			productReference = 8A27F6B11C570EE0002E5876 /* eleme.app */;
			productType = "com.apple.product-type.application";
		};
/* End PBXNativeTarget section */

/* Begin PBXProject section */
		8A27F6A91C570EE0002E5876 /* Project object */ = {
			isa = PBXProject;
			attributes = {
				LastUpgradeCheck = 0720;
				ORGANIZATIONNAME = "Xu Menghua";
				TargetAttributes = {
					8A27F6B01C570EE0002E5876 = {
						CreatedOnToolsVersion = 7.2;
						DevelopmentTeam = 9342Q5J8DX;
					};
				};
			};
			buildConfigurationList = 8A27F6AC1C570EE0002E5876 /* Build configuration list for PBXProject "eleme" */;
			compatibilityVersion = "Xcode 3.2";
			developmentRegion = English;
			hasScannedForEncodings = 0;
			knownRegions = (
				en,
				Base,
			);
			mainGroup = 8A27F6A81C570EE0002E5876;
			productRefGroup = 8A27F6B21C570EE0002E5876 /* Products */;
			projectDirPath = "";
			projectRoot = "";
			targets = (
				8A27F6B01C570EE0002E5876 /* eleme */,
			);
		};
/* End PBXProject section */

/* Begin PBXResourcesBuildPhase section */
		8A27F6AF1C570EE0002E5876 /* Resources */ = {
			isa = PBXResourcesBuildPhase;
			buildActionMask = 2147483647;
			files = (
				8A27F6C11C570EE0002E5876 /* Assets.xcassets in Resources */,
			);
			runOnlyForDeploymentPostprocessing = 0;
		};
/* End PBXResourcesBuildPhase section */

/* Begin PBXSourcesBuildPhase section */
		8A27F6AD1C570EE0002E5876 /* Sources */ = {
			isa = PBXSourcesBuildPhase;
			buildActionMask = 2147483647;
			files = (
				8A27F6DC1C5747C4002E5876 /* CartView.m in Sources */,
				8A27F6D61C57261D002E5876 /* FoodCell.m in Sources */,
				8A8EE2311C58A63000F55C53 /* CheckOutController.m in Sources */,
				8A8EE22E1C58657500F55C53 /* CartListCell.m in Sources */,
				8A27F6B91C570EE0002E5876 /* AppDelegate.m in Sources */,
				8A27F6CD1C570FD5002E5876 /* MainController.m in Sources */,
				8AB9A9E51C58B63D00223985 /* CheckOutListCell.m in Sources */,
				8A8EE22B1C585DE000F55C53 /* CartListView.m in Sources */,
				8A27F6B61C570EE0002E5876 /* main.m in Sources */,
				8A27F6DF1C575C82002E5876 /* IndexCell.m in Sources */,
				8A27F6D01C5719A6002E5876 /* SelectionView.m in Sources */,
			);
			runOnlyForDeploymentPostprocessing = 0;
		};
/* End PBXSourcesBuildPhase section */

/* Begin XCBuildConfiguration section */
		8A27F6C61C570EE0002E5876 /* Debug */ = {
			isa = XCBuildConfiguration;
			buildSettings = {
				ALWAYS_SEARCH_USER_PATHS = NO;
				CLANG_CXX_LANGUAGE_STANDARD = "gnu++0x";
				CLANG_CXX_LIBRARY = "libc++";
				CLANG_ENABLE_MODULES = YES;
				CLANG_ENABLE_OBJC_ARC = YES;
				CLANG_WARN_BOOL_CONVERSION = YES;
				CLANG_WARN_CONSTANT_CONVERSION = YES;
				CLANG_WARN_DIRECT_OBJC_ISA_USAGE = YES_ERROR;
				CLANG_WARN_EMPTY_BODY = YES;
				CLANG_WARN_ENUM_CONVERSION = YES;
				CLANG_WARN_INT_CONVERSION = YES;
				CLANG_WARN_OBJC_ROOT_CLASS = YES_ERROR;
				CLANG_WARN_UNREACHABLE_CODE = YES;
				CLANG_WARN__DUPLICATE_METHOD_MATCH = YES;
				"CODE_SIGN_IDENTITY[sdk=iphoneos*]" = "iPhone Developer";
				COPY_PHASE_STRIP = NO;
				DEBUG_INFORMATION_FORMAT = dwarf;
				ENABLE_STRICT_OBJC_MSGSEND = YES;
				ENABLE_TESTABILITY = YES;
				GCC_C_LANGUAGE_STANDARD = gnu99;
				GCC_DYNAMIC_NO_PIC = NO;
				GCC_NO_COMMON_BLOCKS = YES;
				GCC_OPTIMIZATION_LEVEL = 0;
				GCC_PREPROCESSOR_DEFINITIONS = (
					"DEBUG=1",
					"$(inherited)",
				);
				GCC_WARN_64_TO_32_BIT_CONVERSION = YES;
				GCC_WARN_ABOUT_RETURN_TYPE = YES_ERROR;
				GCC_WARN_UNDECLARED_SELECTOR = YES;
				GCC_WARN_UNINITIALIZED_AUTOS = YES_AGGRESSIVE;
				GCC_WARN_UNUSED_FUNCTION = YES;
				GCC_WARN_UNUSED_VARIABLE = YES;
				IPHONEOS_DEPLOYMENT_TARGET = 9.2;
				MTL_ENABLE_DEBUG_INFO = YES;
				ONLY_ACTIVE_ARCH = YES;
				SDKROOT = iphoneos;
			};
			name = Debug;
		};
		8A27F6C71C570EE0002E5876 /* Release */ = {
			isa = XCBuildConfiguration;
			buildSettings = {
				ALWAYS_SEARCH_USER_PATHS = NO;
				CLANG_CXX_LANGUAGE_STANDARD = "gnu++0x";
				CLANG_CXX_LIBRARY = "libc++";
				CLANG_ENABLE_MODULES = YES;
				CLANG_ENABLE_OBJC_ARC = YES;
				CLANG_WARN_BOOL_CONVERSION = YES;
				CLANG_WARN_CONSTANT_CONVERSION = YES;
				CLANG_WARN_DIRECT_OBJC_ISA_USAGE = YES_ERROR;
				CLANG_WARN_EMPTY_BODY = YES;
				CLANG_WARN_ENUM_CONVERSION = YES;
				CLANG_WARN_INT_CONVERSION = YES;
				CLANG_WARN_OBJC_ROOT_CLASS = YES_ERROR;
				CLANG_WARN_UNREACHABLE_CODE = YES;
				CLANG_WARN__DUPLICATE_METHOD_MATCH = YES;
				"CODE_SIGN_IDENTITY[sdk=iphoneos*]" = "iPhone Developer";
				COPY_PHASE_STRIP = NO;
				DEBUG_INFORMATION_FORMAT = "dwarf-with-dsym";
				ENABLE_NS_ASSERTIONS = NO;
				ENABLE_STRICT_OBJC_MSGSEND = YES;
				GCC_C_LANGUAGE_STANDARD = gnu99;
				GCC_NO_COMMON_BLOCKS = YES;
				GCC_WARN_64_TO_32_BIT_CONVERSION = YES;
				GCC_WARN_ABOUT_RETURN_TYPE = YES_ERROR;
				GCC_WARN_UNDECLARED_SELECTOR = YES;
				GCC_WARN_UNINITIALIZED_AUTOS = YES_AGGRESSIVE;
				GCC_WARN_UNUSED_FUNCTION = YES;
				GCC_WARN_UNUSED_VARIABLE = YES;
				IPHONEOS_DEPLOYMENT_TARGET = 9.2;
				MTL_ENABLE_DEBUG_INFO = NO;
				SDKROOT = iphoneos;
				VALIDATE_PRODUCT = YES;
			};
			name = Release;
		};
		8A27F6C91C570EE0002E5876 /* Debug */ = {
			isa = XCBuildConfiguration;
			buildSettings = {
				ASSETCATALOG_COMPILER_APPICON_NAME = AppIcon;
				CODE_SIGN_IDENTITY = "iPhone Developer";
				INFOPLIST_FILE = eleme/Info.plist;
				IPHONEOS_DEPLOYMENT_TARGET = 7.0;
				LD_RUNPATH_SEARCH_PATHS = "$(inherited) @executable_path/Frameworks";
				PRODUCT_BUNDLE_IDENTIFIER = "Xu-Menghua.eleme";
				PRODUCT_NAME = "$(TARGET_NAME)";
			};
			name = Debug;
		};
		8A27F6CA1C570EE0002E5876 /* Release */ = {
			isa = XCBuildConfiguration;
			buildSettings = {
				ASSETCATALOG_COMPILER_APPICON_NAME = AppIcon;
				CODE_SIGN_IDENTITY = "iPhone Developer";
				INFOPLIST_FILE = eleme/Info.plist;
				IPHONEOS_DEPLOYMENT_TARGET = 7.0;
				LD_RUNPATH_SEARCH_PATHS = "$(inherited) @executable_path/Frameworks";
				PRODUCT_BUNDLE_IDENTIFIER = "Xu-Menghua.eleme";
				PRODUCT_NAME = "$(TARGET_NAME)";
			};
			name = Release;
		};
/* End XCBuildConfiguration section */

/* Begin XCConfigurationList section */
		8A27F6AC1C570EE0002E5876 /* Build configuration list for PBXProject "eleme" */ = {
			isa = XCConfigurationList;
			buildConfigurations = (
				8A27F6C61C570EE0002E5876 /* Debug */,
				8A27F6C71C570EE0002E5876 /* Release */,
			);
			defaultConfigurationIsVisible = 0;
			defaultConfigurationName = Release;
		};
		8A27F6C81C570EE0002E5876 /* Build configuration list for PBXNativeTarget "eleme" */ = {
			isa = XCConfigurationList;
			buildConfigurations = (
				8A27F6C91C570EE0002E5876 /* Debug */,
				8A27F6CA1C570EE0002E5876 /* Release */,
			);
			defaultConfigurationIsVisible = 0;
			defaultConfigurationName = Release;
		};
/* End XCConfigurationList section */
	};
	rootObject = 8A27F6A91C570EE0002E5876 /* Project object */;
}
